PODS:
  - "app_settings (1.0.6+2)":
    - Flutter
  - AppAuth (1.3.0):
    - AppAuth/Core (= 1.3.0)
    - AppAuth/ExternalUserAgent (= 1.3.0)
  - AppAuth/Core (1.3.0)
  - AppAuth/ExternalUserAgent (1.3.0)
  - barcode_scan (0.0.1):
    - Flutter
    - MTBBarcodeScanner
  - connectivity (0.0.1):
    - Flutter
    - Reachability
  - Firebase/Core (6.20.0):
    - Firebase/CoreOnly
    - FirebaseAnalytics (= 6.3.1)
  - Firebase/CoreOnly (6.20.0):
    - FirebaseCore (= 6.6.4)
  - Firebase/Database (6.20.0):
    - Firebase/CoreOnly
    - FirebaseDatabase (~> 6.1.4)
  - Firebase/DynamicLinks (6.20.0):
    - Firebase/CoreOnly
    - FirebaseDynamicLinks (~> 4.0.7)
  - Firebase/Messaging (6.20.0):
    - Firebase/CoreOnly
    - FirebaseMessaging (~> 4.3.0)
  - firebase_core (0.0.1):
    - Firebase/Core
    - Flutter
  - firebase_core_web (0.1.0):
    - Flutter
  - firebase_database (0.0.1):
    - Firebase/Database
    - Flutter
  - firebase_dynamic_links (0.1.0):
    - Firebase/DynamicLinks
    - Flutter
  - firebase_messaging (0.0.1):
    - Firebase/Core
    - Firebase/Messaging
    - Flutter
  - FirebaseAnalytics (6.3.1):
    - FirebaseCore (~> 6.6)
    - FirebaseInstallations (~> 1.1)
    - GoogleAppMeasurement (= 6.3.1)
    - GoogleUtilities/AppDelegateSwizzler (~> 6.0)
    - GoogleUtilities/MethodSwizzler (~> 6.0)
    - GoogleUtilities/Network (~> 6.0)
    - "GoogleUtilities/NSData+zlib (~> 6.0)"
    - nanopb (= 0.3.9011)
  - FirebaseAnalyticsInterop (1.5.0)
  - FirebaseAuthInterop (1.1.0)
  - FirebaseCore (6.6.4):
    - FirebaseCoreDiagnostics (~> 1.2)
    - FirebaseCoreDiagnosticsInterop (~> 1.2)
    - GoogleUtilities/Environment (~> 6.5)
    - GoogleUtilities/Logger (~> 6.5)
  - FirebaseCoreDiagnostics (1.2.2):
    - FirebaseCoreDiagnosticsInterop (~> 1.2)
    - GoogleDataTransportCCTSupport (~> 2.0)
    - GoogleUtilities/Environment (~> 6.5)
    - GoogleUtilities/Logger (~> 6.5)
    - nanopb (~> 0.3.901)
  - FirebaseCoreDiagnosticsInterop (1.2.0)
  - FirebaseDatabase (6.1.4):
    - FirebaseAuthInterop (~> 1.0)
    - FirebaseCore (~> 6.0)
    - leveldb-library (~> 1.22)
  - FirebaseDynamicLinks (4.0.7):
    - FirebaseAnalyticsInterop (~> 1.3)
    - FirebaseCore (~> 6.2)
  - FirebaseInstallations (1.1.0):
    - FirebaseCore (~> 6.6)
    - GoogleUtilities/UserDefaults (~> 6.5)
    - PromisesObjC (~> 1.2)
  - FirebaseInstanceID (4.3.2):
    - FirebaseCore (~> 6.6)
    - FirebaseInstallations (~> 1.0)
    - GoogleUtilities/Environment (~> 6.5)
    - GoogleUtilities/UserDefaults (~> 6.5)
  - FirebaseMessaging (4.3.0):
    - FirebaseAnalyticsInterop (~> 1.5)
    - FirebaseCore (~> 6.6)
    - FirebaseInstanceID (~> 4.3)
    - GoogleUtilities/AppDelegateSwizzler (~> 6.5)
    - GoogleUtilities/Environment (~> 6.5)
    - GoogleUtilities/Reachability (~> 6.5)
    - GoogleUtilities/UserDefaults (~> 6.5)
    - Protobuf (>= 3.9.2, ~> 3.9)
  - Flutter (1.0.0)
  - flutter_secure_storage (3.3.1):
    - Flutter
  - flutter_webview_plugin (0.0.1):
    - Flutter
  - FMDB (2.7.5):
    - FMDB/standard (= 2.7.5)
  - FMDB/standard (2.7.5)
  - GoogleAppMeasurement (6.3.1):
    - GoogleUtilities/AppDelegateSwizzler (~> 6.0)
    - GoogleUtilities/MethodSwizzler (~> 6.0)
    - GoogleUtilities/Network (~> 6.0)
    - "GoogleUtilities/NSData+zlib (~> 6.0)"
    - nanopb (= 0.3.9011)
  - GoogleDataTransport (5.0.0)
  - GoogleDataTransportCCTSupport (2.0.0):
    - GoogleDataTransport (~> 5.0)
    - nanopb (~> 0.3.901)
  - GoogleSignIn (5.0.2):
    - AppAuth (~> 1.2)
    - GTMAppAuth (~> 1.0)
    - GTMSessionFetcher/Core (~> 1.1)
  - GoogleUtilities/AppDelegateSwizzler (6.5.2):
    - GoogleUtilities/Environment
    - GoogleUtilities/Logger
    - GoogleUtilities/Network
  - GoogleUtilities/Environment (6.5.2)
  - GoogleUtilities/Logger (6.5.2):
    - GoogleUtilities/Environment
  - GoogleUtilities/MethodSwizzler (6.5.2):
    - GoogleUtilities/Logger
  - GoogleUtilities/Network (6.5.2):
    - GoogleUtilities/Logger
    - "GoogleUtilities/NSData+zlib"
    - GoogleUtilities/Reachability
  - "GoogleUtilities/NSData+zlib (6.5.2)"
  - GoogleUtilities/Reachability (6.5.2):
    - GoogleUtilities/Logger
  - GoogleUtilities/UserDefaults (6.5.2):
    - GoogleUtilities/Logger
  - GTMAppAuth (1.0.0):
    - AppAuth/Core (~> 1.0)
    - GTMSessionFetcher (~> 1.1)
  - GTMSessionFetcher (1.3.1):
    - GTMSessionFetcher/Full (= 1.3.1)
  - GTMSessionFetcher/Core (1.3.1)
  - GTMSessionFetcher/Full (1.3.1):
    - GTMSessionFetcher/Core (= 1.3.1)
  - image_cropper (0.0.2):
    - Flutter
    - TOCropViewController (~> 2.5.2)
  - image_picker (0.0.1):
    - Flutter
  - keyboard_visibility (0.5.0):
    - Flutter
    - Reachability
  - leveldb-library (1.22)
  - local_auth (0.0.1):
    - Flutter
  - MTBBarcodeScanner (5.0.11)
  - nanopb (0.3.9011):
    - nanopb/decode (= 0.3.9011)
    - nanopb/encode (= 0.3.9011)
  - nanopb/decode (0.3.9011)
  - nanopb/encode (0.3.9011)
  - package_info (0.0.1):
    - Flutter
  - path_provider (0.0.1):
    - Flutter
  - PromisesObjC (1.2.8)
  - Protobuf (3.11.4)
  - Reachability (3.2)
  - share_extend (0.0.1):
    - Flutter
  - shared_preferences (0.0.1):
    - Flutter
  - sqflite (0.0.1):
    - Flutter
    - FMDB (~> 2.7.2)
  - TOCropViewController (2.5.2)
  - uni_links (0.0.1):
    - Flutter
  - url_launcher (0.0.1):
    - Flutter

DEPENDENCIES:
  - app_settings (from `Pods/.symlinks/plugins/app_settings/ios`)
  - barcode_scan (from `Pods/.symlinks/plugins/barcode_scan/ios`)
  - connectivity (from `Pods/.symlinks/plugins/connectivity/ios`)
  - firebase_core (from `Pods/.symlinks/plugins/firebase_core/ios`)
  - firebase_core_web (from `Pods/.symlinks/plugins/firebase_core_web/ios`)
  - firebase_database (from `Pods/.symlinks/plugins/firebase_database/ios`)
  - firebase_dynamic_links (from `Pods/.symlinks/plugins/firebase_dynamic_links/ios`)
  - firebase_messaging (from `Pods/.symlinks/plugins/firebase_messaging/ios`)
  - Flutter (from `Pods/.symlinks/flutter/ios`)
  - flutter_secure_storage (from `Pods/.symlinks/plugins/flutter_secure_storage/ios`)
  - flutter_webview_plugin (from `Pods/.symlinks/plugins/flutter_webview_plugin/ios`)
  - GoogleSignIn (~> 5.0.2)
  - image_cropper (from `Pods/.symlinks/plugins/image_cropper/ios`)
  - image_picker (from `Pods/.symlinks/plugins/image_picker/ios`)
  - keyboard_visibility (from `Pods/.symlinks/plugins/keyboard_visibility/ios`)
  - local_auth (from `Pods/.symlinks/plugins/local_auth/ios`)
  - package_info (from `Pods/.symlinks/plugins/package_info/ios`)
  - path_provider (from `Pods/.symlinks/plugins/path_provider/ios`)
  - share_extend (from `Pods/.symlinks/plugins/share_extend/ios`)
  - shared_preferences (from `Pods/.symlinks/plugins/shared_preferences/ios`)
  - sqflite (from `Pods/.symlinks/plugins/sqflite/ios`)
  - uni_links (from `Pods/.symlinks/plugins/uni_links/ios`)
  - url_launcher (from `Pods/.symlinks/plugins/url_launcher/ios`)

SPEC REPOS:
  https://github.com/cocoapods/specs.git:
    - AppAuth
    - Firebase
    - FirebaseAnalytics
    - FirebaseAnalyticsInterop
    - FirebaseAuthInterop
    - FirebaseCore
    - FirebaseCoreDiagnostics
    - FirebaseCoreDiagnosticsInterop
    - FirebaseDatabase
    - FirebaseDynamicLinks
    - FirebaseInstallations
    - FirebaseInstanceID
    - FirebaseMessaging
    - FMDB
    - GoogleAppMeasurement
    - GoogleDataTransport
    - GoogleDataTransportCCTSupport
    - GoogleSignIn
    - GoogleUtilities
    - GTMAppAuth
    - GTMSessionFetcher
    - leveldb-library
    - MTBBarcodeScanner
    - nanopb
    - PromisesObjC
    - Protobuf
    - Reachability
    - TOCropViewController

EXTERNAL SOURCES:
  app_settings:
    :path: Pods/.symlinks/plugins/app_settings/ios
  barcode_scan:
    :path: Pods/.symlinks/plugins/barcode_scan/ios
  connectivity:
    :path: Pods/.symlinks/plugins/connectivity/ios
  firebase_core:
    :path: Pods/.symlinks/plugins/firebase_core/ios
  firebase_core_web:
    :path: Pods/.symlinks/plugins/firebase_core_web/ios
  firebase_database:
    :path: Pods/.symlinks/plugins/firebase_database/ios
  firebase_dynamic_links:
    :path: Pods/.symlinks/plugins/firebase_dynamic_links/ios
  firebase_messaging:
    :path: Pods/.symlinks/plugins/firebase_messaging/ios
  Flutter:
    :path: Pods/.symlinks/flutter/ios
  flutter_secure_storage:
    :path: Pods/.symlinks/plugins/flutter_secure_storage/ios
  flutter_webview_plugin:
    :path: Pods/.symlinks/plugins/flutter_webview_plugin/ios
  image_cropper:
    :path: Pods/.symlinks/plugins/image_cropper/ios
  image_picker:
    :path: Pods/.symlinks/plugins/image_picker/ios
  keyboard_visibility:
    :path: Pods/.symlinks/plugins/keyboard_visibility/ios
  local_auth:
    :path: Pods/.symlinks/plugins/local_auth/ios
  package_info:
    :path: Pods/.symlinks/plugins/package_info/ios
  path_provider:
    :path: Pods/.symlinks/plugins/path_provider/ios
  share_extend:
    :path: Pods/.symlinks/plugins/share_extend/ios
  shared_preferences:
    :path: Pods/.symlinks/plugins/shared_preferences/ios
  sqflite:
    :path: Pods/.symlinks/plugins/sqflite/ios
  uni_links:
    :path: Pods/.symlinks/plugins/uni_links/ios
  url_launcher:
    :path: Pods/.symlinks/plugins/url_launcher/ios

SPEC CHECKSUMS:
  app_settings: 72b0ab4369ff445589e275506896bca9bf321944
  AppAuth: 73574f3013a1e65b9601a3ddc8b3158cce68c09d
  barcode_scan: 33f586d02270046fc6559135038b34b5754eaa4f
  connectivity: 6e94255659cc86dcbef1d452ad3e0491bb1b3e75
  Firebase: fe7f74012742ab403451dd283e6909b8f1fb348a
  firebase_core: 0d8be0e0d14c4902953aeb5ac5d7316d1fe4b978
  firebase_core_web: d501d8b946b60c8af265428ce483b0fff5ad52d1
  firebase_database: 8724d18445b3f77073e71237ca2048261e9d588f
  firebase_dynamic_links: 7aaa8cbd086b55de330e34912dd144687e7d5c47
  firebase_messaging: edab61b94fb3bfb399f32f9d4dedb5196d680084
  FirebaseAnalytics: 572e467f3d977825266e8ccd52674aa3e6f47eac
  FirebaseAnalyticsInterop: 3f86269c38ae41f47afeb43ebf32a001f58fcdae
  FirebaseAuthInterop: a0f37ae05833af156e72028f648d313f7e7592e9
  FirebaseCore: ed0a24c758a57c2b88c5efa8e6a8195e868af589
  FirebaseCoreDiagnostics: e9b4cd8ba60dee0f2d13347332e4b7898cca5b61
  FirebaseCoreDiagnosticsInterop: 296e2c5f5314500a850ad0b83e9e7c10b011a850
  FirebaseDatabase: 0144e0706a4761f1b0e8679572eba8095ddb59be
  FirebaseDynamicLinks: b3338d0c0423ee3d409f5ecc0fb774a9baa6537b
  FirebaseInstallations: 575cd32f2aec0feeb0e44f5d0110a09e5e60b47b
  FirebaseInstanceID: 7ee0d6777013bb952f377b41965bf132b6a075be
  FirebaseMessaging: 4ec33842d36b3319e062e51fb8b35a74f726950d
  Flutter: 0e3d915762c693b495b44d77113d4970485de6ec
  flutter_secure_storage: 7953c38a04c3fdbb00571bcd87d8e3b5ceb9daec
  flutter_webview_plugin: ed9e8a6a96baf0c867e90e1bce2673913eeac694
  FMDB: 2ce00b547f966261cd18927a3ddb07cb6f3db82a
  GoogleAppMeasurement: c29d405ff76e18551b5d158eaba6753fda8c7542
  GoogleDataTransport: a857c6a002d201b524dd4bc2ed7e7355ed07e785
  GoogleDataTransportCCTSupport: 32f75fbe904c82772fcbb6b6bd4525bfb6f2a862
  GoogleSignIn: 7137d297ddc022a7e0aa4619c86d72c909fa7213
  GoogleUtilities: ad0f3b691c67909d03a3327cc205222ab8f42e0e
  GTMAppAuth: 4deac854479704f348309e7b66189e604cf5e01e
  GTMSessionFetcher: cea130bbfe5a7edc8d06d3f0d17288c32ffe9925
  image_cropper: 3c16d7651730ffe85897f5a1c4e2547e6b54989a
  image_picker: 16e5fec1fbc87fd3b297c53e4048521eaf17cd06
  keyboard_visibility: 96a24de806fe6823c3ad956c01ba2ec6d056616f
  leveldb-library: 55d93ee664b4007aac644a782d11da33fba316f7
  local_auth: 2571c49920ae469f46d5557435fad8fa473a5e88
  MTBBarcodeScanner: f453b33c4b7dfe545d8c6484ed744d55671788cb
  nanopb: 18003b5e52dab79db540fe93fe9579f399bd1ccd
  package_info: 48b108e75b8802c2d5e126f208ef540561c98aef
  path_provider: fb74bd0465e96b594bb3b5088ee4a4e7bb1f2a9d
  PromisesObjC: c119f3cd559f50b7ae681fa59dc1acd19173b7e6
  Protobuf: 176220c526ad8bd09ab1fb40a978eac3fef665f7
  Reachability: 33e18b67625424e47b6cde6d202dce689ad7af96
  share_extend: b6748dc53695587891126a89533b862b92548c7b
  shared_preferences: 1feebfa37bb57264736e16865e7ffae7fc99b523
  sqflite: 4001a31ff81d210346b500c55b17f4d6c7589dd0
  TOCropViewController: e9da34f484aedd4e5d5a8ab230ba217cfe16c729
  uni_links: d97da20c7701486ba192624d99bffaaffcfc298a
  url_launcher: 0067ddb8f10d36786672aa0722a21717dba3a298

PODFILE CHECKSUM: 84def91c1f08f7ccf8654078959a756336eb4c8c

COCOAPODS: 1.6.1
